
Microsoft Visual Studio Solution File, Format Version 12.00
# Visual Studio Version 17
VisualStudioVersion = 17.0.32014.148
MinimumVisualStudioVersion = 10.0.40219.1
Project("{FAE04EC0-301F-11D3-BF4B-00C04F79EFBC}") = "Cinema", "Cinema\Cinema.csproj", "{34FAC78D-1A23-4F52-96BE-1027527E4AD1}"
EndProject
Global
	GlobalSection(SolutionConfigurationPlatforms) = preSolution
		Debug|Any CPU = Debug|Any CPU
		Release|Any CPU = Release|Any CPU
	EndGlobalSection
	GlobalSection(ProjectConfigurationPlatforms) = postSolution
		{34FAC78D-1A23-4F52-96BE-1027527E4AD1}.Debug|Any CPU.ActiveCfg = Debug|Any CPU
		{34FAC78D-1A23-4F52-96BE-1027527E4AD1}.Debug|Any CPU.Build.0 = Debug|Any CPU
		{34FAC78D-1A23-4F52-96BE-1027527E4AD1}.Release|Any CPU.ActiveCfg = Release|Any CPU
		{34FAC78D-1A23-4F52-96BE-1027527E4AD1}.Release|Any CPU.Build.0 = Release|Any CPU
	EndGlobalSection
	GlobalSection(SolutionProperties) = preSolution
		HideSolutionNode = FALSE
	EndGlobalSection
	GlobalSection(ExtensibilityGlobals) = postSolution
		SolutionGuid = {016E6015-9671-425B-8C44-03B8F134DB26}
	EndGlobalSection
EndGlobal
